
Microsoft Visual Studio Solution File, Format Version 12.00
# Visual Studio Version 16
VisualStudioVersion = 16.0.31729.503
MinimumVisualStudioVersion = 10.0.40219.1
Project("{FAE04EC0-301F-11D3-BF4B-00C04F79EFBC}") = "Image Analysis", "Image Analysis\Image Analysis.csproj", "{2DCC8D46-6475-4646-8284-88E0588C98B1}"
EndProject
Global
	GlobalSection(SolutionConfigurationPlatforms) = preSolution
		Debug|Any CPU = Debug|Any CPU
		Release|Any CPU = Release|Any CPU
	EndGlobalSection
	GlobalSection(ProjectConfigurationPlatforms) = postSolution
		{2DCC8D46-6475-4646-8284-88E0588C98B1}.Debug|Any CPU.ActiveCfg = Debug|Any CPU
		{2DCC8D46-6475-4646-8284-88E0588C98B1}.Debug|Any CPU.Build.0 = Debug|Any CPU
		{2DCC8D46-6475-4646-8284-88E0588C98B1}.Release|Any CPU.ActiveCfg = Release|Any CPU
		{2DCC8D46-6475-4646-8284-88E0588C98B1}.Release|Any CPU.Build.0 = Release|Any CPU
	EndGlobalSection
	GlobalSection(SolutionProperties) = preSolution
		HideSolutionNode = FALSE
	EndGlobalSection
	GlobalSection(ExtensibilityGlobals) = postSolution
		SolutionGuid = {AA3CDE6E-4DBF-4909-A80C-19904BBEF7B8}
	EndGlobalSection
EndGlobal
